
Microsoft Visual Studio Solution File, Format Version 12.00
# Visual Studio 15
VisualStudioVersion = 15.0.28307.438
MinimumVisualStudioVersion = 10.0.40219.1
Project("{FAE04EC0-301F-11D3-BF4B-00C04F79EFBC}") = "SnakeGameReborn", "SnakeGameReborn\SnakeGameReborn.csproj", "{DA4DC5D3-23F2-4EF2-B986-A9F853BA7CD6}"
EndProject
Global
	GlobalSection(SolutionConfigurationPlatforms) = preSolution
		Debug|Any CPU = Debug|Any CPU
		Release|Any CPU = Release|Any CPU
	EndGlobalSection
	GlobalSection(ProjectConfigurationPlatforms) = postSolution
		{DA4DC5D3-23F2-4EF2-B986-A9F853BA7CD6}.Debug|Any CPU.ActiveCfg = Debug|Any CPU
		{DA4DC5D3-23F2-4EF2-B986-A9F853BA7CD6}.Debug|Any CPU.Build.0 = Debug|Any CPU
		{DA4DC5D3-23F2-4EF2-B986-A9F853BA7CD6}.Release|Any CPU.ActiveCfg = Release|Any CPU
		{DA4DC5D3-23F2-4EF2-B986-A9F853BA7CD6}.Release|Any CPU.Build.0 = Release|Any CPU
	EndGlobalSection
	GlobalSection(SolutionProperties) = preSolution
		HideSolutionNode = FALSE
	EndGlobalSection
	GlobalSection(ExtensibilityGlobals) = postSolution
		SolutionGuid = {2558AE2E-6975-4538-98C7-3A8FC093ACC5}
	EndGlobalSection
EndGlobal
